
Microsoft Visual Studio Solution File, Format Version 12.00
# Visual Studio Version 16
VisualStudioVersion = 16.0.30002.166
MinimumVisualStudioVersion = 10.0.40219.1
Project("{FAE04EC0-301F-11D3-BF4B-00C04F79EFBC}") = "FinancialPortal", "FinancialPortal\FinancialPortal.csproj", "{7F2FFB8D-9591-4A6E-9239-0A925B105153}"
EndProject
Global
	GlobalSection(SolutionConfigurationPlatforms) = preSolution
		Debug|Any CPU = Debug|Any CPU
		Release|Any CPU = Release|Any CPU
	EndGlobalSection
	GlobalSection(ProjectConfigurationPlatforms) = postSolution
		{7F2FFB8D-9591-4A6E-9239-0A925B105153}.Debug|Any CPU.ActiveCfg = Debug|Any CPU
		{7F2FFB8D-9591-4A6E-9239-0A925B105153}.Debug|Any CPU.Build.0 = Debug|Any CPU
		{7F2FFB8D-9591-4A6E-9239-0A925B105153}.Release|Any CPU.ActiveCfg = Release|Any CPU
		{7F2FFB8D-9591-4A6E-9239-0A925B105153}.Release|Any CPU.Build.0 = Release|Any CPU
	EndGlobalSection
	GlobalSection(SolutionProperties) = preSolution
		HideSolutionNode = FALSE
	EndGlobalSection
	GlobalSection(ExtensibilityGlobals) = postSolution
		SolutionGuid = {2B95190E-7192-4609-92D5-76BD7586942F}
	EndGlobalSection
EndGlobal
